
Microsoft Visual Studio Solution File, Format Version 12.00
# Visual Studio Version 16
VisualStudioVersion = 16.0.30523.141
MinimumVisualStudioVersion = 10.0.40219.1
Project("{9A19103F-16F7-4668-BE54-9A1E7A4F7556}") = "ALE.TimeRegistration.Core", "ALE.TimeRegistration.Core\ALE.TimeRegistration.Core.csproj", "{69BBD37F-F455-4D80-9BC4-407CF794E57D}"
EndProject
Project("{9A19103F-16F7-4668-BE54-9A1E7A4F7556}") = "ALE.TimeRegistration.Api", "ALE.TimeRegistration.Api\ALE.TimeRegistration.Api.csproj", "{F69AD694-CF89-41A8-9765-EB534DE667E2}"
EndProject
Project("{FAE04EC0-301F-11D3-BF4B-00C04F79EFBC}") = "ALE.TimeRegistration.Mob.UWP", "ALE.TimeRegistration.Mob\ALE.TimeRegistration.Mob.UWP\ALE.TimeRegistration.Mob.UWP.csproj", "{8B04EDCC-AF0B-4B9B-B023-CFE7CA8D22D8}"
EndProject
Project("{FAE04EC0-301F-11D3-BF4B-00C04F79EFBC}") = "ALE.TimeRegistration.Mob.Android", "ALE.TimeRegistration.Mob\ALE.TimeRegistration.Mob.Android\ALE.TimeRegistration.Mob.Android.csproj", "{6A2B2416-A7F0-4778-A286-E4E5E2759DF3}"
EndProject
Project("{9A19103F-16F7-4668-BE54-9A1E7A4F7556}") = "ALE.TimeRegistration.Mob", "ALE.TimeRegistration.Mob\ALE.TimeRegistration.Mob\ALE.TimeRegistration.Mob.csproj", "{8D167063-9C18-4B91-8993-63C1B2ABA608}"
EndProject
Project("{9A19103F-16F7-4668-BE54-9A1E7A4F7556}") = "ALE.TimeRegistration.Web", "ALE.TimeRegistration.Web\ALE.TimeRegistration.Web.csproj", "{E97BEDDE-BBEB-40F6-A2FC-95411897E0C2}"
EndProject
Project("{FAE04EC0-301F-11D3-BF4B-00C04F79EFBC}") = "ALE.TimeRegistration.Infrastructure", "ALE.TimeRegistration.Infrastructure\ALE.TimeRegistration.Infrastructure.csproj", "{782003AF-C73B-486D-A26A-15315A9F21AB}"
EndProject
Global
	GlobalSection(SolutionConfigurationPlatforms) = preSolution
		Debug|Any CPU = Debug|Any CPU
		Debug|ARM = Debug|ARM
		Debug|ARM64 = Debug|ARM64
		Debug|x64 = Debug|x64
		Debug|x86 = Debug|x86
		Release|Any CPU = Release|Any CPU
		Release|ARM = Release|ARM
		Release|ARM64 = Release|ARM64
		Release|x64 = Release|x64
		Release|x86 = Release|x86
	EndGlobalSection
	GlobalSection(ProjectConfigurationPlatforms) = postSolution
		{69BBD37F-F455-4D80-9BC4-407CF794E57D}.Debug|Any CPU.ActiveCfg = Debug|Any CPU
		{69BBD37F-F455-4D80-9BC4-407CF794E57D}.Debug|Any CPU.Build.0 = Debug|Any CPU
		{69BBD37F-F455-4D80-9BC4-407CF794E57D}.Debug|ARM.ActiveCfg = Debug|Any CPU
		{69BBD37F-F455-4D80-9BC4-407CF794E57D}.Debug|ARM.Build.0 = Debug|Any CPU
		{69BBD37F-F455-4D80-9BC4-407CF794E57D}.Debug|ARM64.ActiveCfg = Debug|Any CPU
		{69BBD37F-F455-4D80-9BC4-407CF794E57D}.Debug|ARM64.Build.0 = Debug|Any CPU
		{69BBD37F-F455-4D80-9BC4-407CF794E57D}.Debug|x64.ActiveCfg = Debug|Any CPU
		{69BBD37F-F455-4D80-9BC4-407CF794E57D}.Debug|x64.Build.0 = Debug|Any CPU
		{69BBD37F-F455-4D80-9BC4-407CF794E57D}.Debug|x86.ActiveCfg = Debug|Any CPU
		{69BBD37F-F455-4D80-9BC4-407CF794E57D}.Debug|x86.Build.0 = Debug|Any CPU
		{69BBD37F-F455-4D80-9BC4-407CF794E57D}.Release|Any CPU.ActiveCfg = Release|Any CPU
		{69BBD37F-F455-4D80-9BC4-407CF794E57D}.Release|Any CPU.Build.0 = Release|Any CPU
		{69BBD37F-F455-4D80-9BC4-407CF794E57D}.Release|ARM.ActiveCfg = Release|Any CPU
		{69BBD37F-F455-4D80-9BC4-407CF794E57D}.Release|ARM.Build.0 = Release|Any CPU
		{69BBD37F-F455-4D80-9BC4-407CF794E57D}.Release|ARM64.ActiveCfg = Release|Any CPU
		{69BBD37F-F455-4D80-9BC4-407CF794E57D}.Release|ARM64.Build.0 = Release|Any CPU
		{69BBD37F-F455-4D80-9BC4-407CF794E57D}.Release|x64.ActiveCfg = Release|Any CPU
		{69BBD37F-F455-4D80-9BC4-407CF794E57D}.Release|x64.Build.0 = Release|Any CPU
		{69BBD37F-F455-4D80-9BC4-407CF794E57D}.Release|x86.ActiveCfg = Release|Any CPU
		{69BBD37F-F455-4D80-9BC4-407CF794E57D}.Release|x86.Build.0 = Release|Any CPU
		{F69AD694-CF89-41A8-9765-EB534DE667E2}.Debug|Any CPU.ActiveCfg = Debug|Any CPU
		{F69AD694-CF89-41A8-9765-EB534DE667E2}.Debug|Any CPU.Build.0 = Debug|Any CPU
		{F69AD694-CF89-41A8-9765-EB534DE667E2}.Debug|ARM.ActiveCfg = Debug|Any CPU
		{F69AD694-CF89-41A8-9765-EB534DE667E2}.Debug|ARM.Build.0 = Debug|Any CPU
		{F69AD694-CF89-41A8-9765-EB534DE667E2}.Debug|ARM64.ActiveCfg = Debug|Any CPU
		{F69AD694-CF89-41A8-9765-EB534DE667E2}.Debug|ARM64.Build.0 = Debug|Any CPU
		{F69AD694-CF89-41A8-9765-EB534DE667E2}.Debug|x64.ActiveCfg = Debug|Any CPU
		{F69AD694-CF89-41A8-9765-EB534DE667E2}.Debug|x64.Build.0 = Debug|Any CPU
		{F69AD694-CF89-41A8-9765-EB534DE667E2}.Debug|x86.ActiveCfg = Debug|Any CPU
		{F69AD694-CF89-41A8-9765-EB534DE667E2}.Debug|x86.Build.0 = Debug|Any CPU
		{F69AD694-CF89-41A8-9765-EB534DE667E2}.Release|Any CPU.ActiveCfg = Release|Any CPU
		{F69AD694-CF89-41A8-9765-EB534DE667E2}.Release|Any CPU.Build.0 = Release|Any CPU
		{F69AD694-CF89-41A8-9765-EB534DE667E2}.Release|ARM.ActiveCfg = Release|Any CPU
		{F69AD694-CF89-41A8-9765-EB534DE667E2}.Release|ARM.Build.0 = Release|Any CPU
		{F69AD694-CF89-41A8-9765-EB534DE667E2}.Release|ARM64.ActiveCfg = Release|Any CPU
		{F69AD694-CF89-41A8-9765-EB534DE667E2}.Release|ARM64.Build.0 = Release|Any CPU
		{F69AD694-CF89-41A8-9765-EB534DE667E2}.Release|x64.ActiveCfg = Release|Any CPU
		{F69AD694-CF89-41A8-9765-EB534DE667E2}.Release|x64.Build.0 = Release|Any CPU
		{F69AD694-CF89-41A8-9765-EB534DE667E2}.Release|x86.ActiveCfg = Release|Any CPU
		{F69AD694-CF89-41A8-9765-EB534DE667E2}.Release|x86.Build.0 = Release|Any CPU
		{8B04EDCC-AF0B-4B9B-B023-CFE7CA8D22D8}.Debug|Any CPU.ActiveCfg = Debug|x86
		{8B04EDCC-AF0B-4B9B-B023-CFE7CA8D22D8}.Debug|Any CPU.Build.0 = Debug|x86
		{8B04EDCC-AF0B-4B9B-B023-CFE7CA8D22D8}.Debug|Any CPU.Deploy.0 = Debug|x86
		{8B04EDCC-AF0B-4B9B-B023-CFE7CA8D22D8}.Debug|ARM.ActiveCfg = Debug|ARM
		{8B04EDCC-AF0B-4B9B-B023-CFE7CA8D22D8}.Debug|ARM.Build.0 = Debug|ARM
		{8B04EDCC-AF0B-4B9B-B023-CFE7CA8D22D8}.Debug|ARM.Deploy.0 = Debug|ARM
		{8B04EDCC-AF0B-4B9B-B023-CFE7CA8D22D8}.Debug|ARM64.ActiveCfg = Debug|x86
		{8B04EDCC-AF0B-4B9B-B023-CFE7CA8D22D8}.Debug|x64.ActiveCfg = Debug|x64
		{8B04EDCC-AF0B-4B9B-B023-CFE7CA8D22D8}.Debug|x64.Build.0 = Debug|x64
		{8B04EDCC-AF0B-4B9B-B023-CFE7CA8D22D8}.Debug|x64.Deploy.0 = Debug|x64
		{8B04EDCC-AF0B-4B9B-B023-CFE7CA8D22D8}.Debug|x86.ActiveCfg = Debug|x86
		{8B04EDCC-AF0B-4B9B-B023-CFE7CA8D22D8}.Debug|x86.Build.0 = Debug|x86
		{8B04EDCC-AF0B-4B9B-B023-CFE7CA8D22D8}.Debug|x86.Deploy.0 = Debug|x86
		{8B04EDCC-AF0B-4B9B-B023-CFE7CA8D22D8}.Release|Any CPU.ActiveCfg = Release|x86
		{8B04EDCC-AF0B-4B9B-B023-CFE7CA8D22D8}.Release|ARM.ActiveCfg = Release|ARM
		{8B04EDCC-AF0B-4B9B-B023-CFE7CA8D22D8}.Release|ARM.Build.0 = Release|ARM
		{8B04EDCC-AF0B-4B9B-B023-CFE7CA8D22D8}.Release|ARM.Deploy.0 = Release|ARM
		{8B04EDCC-AF0B-4B9B-B023-CFE7CA8D22D8}.Release|ARM64.ActiveCfg = Release|x86
		{8B04EDCC-AF0B-4B9B-B023-CFE7CA8D22D8}.Release|x64.ActiveCfg = Release|x64
		{8B04EDCC-AF0B-4B9B-B023-CFE7CA8D22D8}.Release|x64.Build.0 = Release|x64
		{8B04EDCC-AF0B-4B9B-B023-CFE7CA8D22D8}.Release|x64.Deploy.0 = Release|x64
		{8B04EDCC-AF0B-4B9B-B023-CFE7CA8D22D8}.Release|x86.ActiveCfg = Release|x86
		{8B04EDCC-AF0B-4B9B-B023-CFE7CA8D22D8}.Release|x86.Build.0 = Release|x86
		{8B04EDCC-AF0B-4B9B-B023-CFE7CA8D22D8}.Release|x86.Deploy.0 = Release|x86
		{6A2B2416-A7F0-4778-A286-E4E5E2759DF3}.Debug|Any CPU.ActiveCfg = Debug|Any CPU
		{6A2B2416-A7F0-4778-A286-E4E5E2759DF3}.Debug|Any CPU.Build.0 = Debug|Any CPU
		{6A2B2416-A7F0-4778-A286-E4E5E2759DF3}.Debug|Any CPU.Deploy.0 = Debug|Any CPU
		{6A2B2416-A7F0-4778-A286-E4E5E2759DF3}.Debug|ARM.ActiveCfg = Debug|Any CPU
		{6A2B2416-A7F0-4778-A286-E4E5E2759DF3}.Debug|ARM.Build.0 = Debug|Any CPU
		{6A2B2416-A7F0-4778-A286-E4E5E2759DF3}.Debug|ARM.Deploy.0 = Debug|Any CPU
		{6A2B2416-A7F0-4778-A286-E4E5E2759DF3}.Debug|ARM64.ActiveCfg = Debug|Any CPU
		{6A2B2416-A7F0-4778-A286-E4E5E2759DF3}.Debug|ARM64.Build.0 = Debug|Any CPU
		{6A2B2416-A7F0-4778-A286-E4E5E2759DF3}.Debug|ARM64.Deploy.0 = Debug|Any CPU
		{6A2B2416-A7F0-4778-A286-E4E5E2759DF3}.Debug|x64.ActiveCfg = Debug|Any CPU
		{6A2B2416-A7F0-4778-A286-E4E5E2759DF3}.Debug|x64.Build.0 = Debug|Any CPU
		{6A2B2416-A7F0-4778-A286-E4E5E2759DF3}.Debug|x64.Deploy.0 = Debug|Any CPU
		{6A2B2416-A7F0-4778-A286-E4E5E2759DF3}.Debug|x86.ActiveCfg = Debug|Any CPU
		{6A2B2416-A7F0-4778-A286-E4E5E2759DF3}.Debug|x86.Build.0 = Debug|Any CPU
		{6A2B2416-A7F0-4778-A286-E4E5E2759DF3}.Debug|x86.Deploy.0 = Debug|Any CPU
		{6A2B2416-A7F0-4778-A286-E4E5E2759DF3}.Release|Any CPU.ActiveCfg = Release|Any CPU
		{6A2B2416-A7F0-4778-A286-E4E5E2759DF3}.Release|Any CPU.Build.0 = Release|Any CPU
		{6A2B2416-A7F0-4778-A286-E4E5E2759DF3}.Release|Any CPU.Deploy.0 = Release|Any CPU
		{6A2B2416-A7F0-4778-A286-E4E5E2759DF3}.Release|ARM.ActiveCfg = Release|Any CPU
		{6A2B2416-A7F0-4778-A286-E4E5E2759DF3}.Release|ARM.Build.0 = Release|Any CPU
		{6A2B2416-A7F0-4778-A286-E4E5E2759DF3}.Release|ARM.Deploy.0 = Release|Any CPU
		{6A2B2416-A7F0-4778-A286-E4E5E2759DF3}.Release|ARM64.ActiveCfg = Release|Any CPU
		{6A2B2416-A7F0-4778-A286-E4E5E2759DF3}.Release|ARM64.Build.0 = Release|Any CPU
		{6A2B2416-A7F0-4778-A286-E4E5E2759DF3}.Release|ARM64.Deploy.0 = Release|Any CPU
		{6A2B2416-A7F0-4778-A286-E4E5E2759DF3}.Release|x64.ActiveCfg = Release|Any CPU
		{6A2B2416-A7F0-4778-A286-E4E5E2759DF3}.Release|x64.Build.0 = Release|Any CPU
		{6A2B2416-A7F0-4778-A286-E4E5E2759DF3}.Release|x64.Deploy.0 = Release|Any CPU
		{6A2B2416-A7F0-4778-A286-E4E5E2759DF3}.Release|x86.ActiveCfg = Release|Any CPU
		{6A2B2416-A7F0-4778-A286-E4E5E2759DF3}.Release|x86.Build.0 = Release|Any CPU
		{6A2B2416-A7F0-4778-A286-E4E5E2759DF3}.Release|x86.Deploy.0 = Release|Any CPU
		{8D167063-9C18-4B91-8993-63C1B2ABA608}.Debug|Any CPU.ActiveCfg = Debug|Any CPU
		{8D167063-9C18-4B91-8993-63C1B2ABA608}.Debug|Any CPU.Build.0 = Debug|Any CPU
		{8D167063-9C18-4B91-8993-63C1B2ABA608}.Debug|ARM.ActiveCfg = Debug|Any CPU
		{8D167063-9C18-4B91-8993-63C1B2ABA608}.Debug|ARM.Build.0 = Debug|Any CPU
		{8D167063-9C18-4B91-8993-63C1B2ABA608}.Debug|ARM64.ActiveCfg = Debug|Any CPU
		{8D167063-9C18-4B91-8993-63C1B2ABA608}.Debug|ARM64.Build.0 = Debug|Any CPU
		{8D167063-9C18-4B91-8993-63C1B2ABA608}.Debug|x64.ActiveCfg = Debug|Any CPU
		{8D167063-9C18-4B91-8993-63C1B2ABA608}.Debug|x64.Build.0 = Debug|Any CPU
		{8D167063-9C18-4B91-8993-63C1B2ABA608}.Debug|x86.ActiveCfg = Debug|Any CPU
		{8D167063-9C18-4B91-8993-63C1B2ABA608}.Debug|x86.Build.0 = Debug|Any CPU
		{8D167063-9C18-4B91-8993-63C1B2ABA608}.Release|Any CPU.ActiveCfg = Release|Any CPU
		{8D167063-9C18-4B91-8993-63C1B2ABA608}.Release|Any CPU.Build.0 = Release|Any CPU
		{8D167063-9C18-4B91-8993-63C1B2ABA608}.Release|ARM.ActiveCfg = Release|Any CPU
		{8D167063-9C18-4B91-8993-63C1B2ABA608}.Release|ARM.Build.0 = Release|Any CPU
		{8D167063-9C18-4B91-8993-63C1B2ABA608}.Release|ARM64.ActiveCfg = Release|Any CPU
		{8D167063-9C18-4B91-8993-63C1B2ABA608}.Release|ARM64.Build.0 = Release|Any CPU
		{8D167063-9C18-4B91-8993-63C1B2ABA608}.Release|x64.ActiveCfg = Release|Any CPU
		{8D167063-9C18-4B91-8993-63C1B2ABA608}.Release|x64.Build.0 = Release|Any CPU
		{8D167063-9C18-4B91-8993-63C1B2ABA608}.Release|x86.ActiveCfg = Release|Any CPU
		{8D167063-9C18-4B91-8993-63C1B2ABA608}.Release|x86.Build.0 = Release|Any CPU
		{E97BEDDE-BBEB-40F6-A2FC-95411897E0C2}.Debug|Any CPU.ActiveCfg = Debug|Any CPU
		{E97BEDDE-BBEB-40F6-A2FC-95411897E0C2}.Debug|Any CPU.Build.0 = Debug|Any CPU
		{E97BEDDE-BBEB-40F6-A2FC-95411897E0C2}.Debug|ARM.ActiveCfg = Debug|Any CPU
		{E97BEDDE-BBEB-40F6-A2FC-95411897E0C2}.Debug|ARM.Build.0 = Debug|Any CPU
		{E97BEDDE-BBEB-40F6-A2FC-95411897E0C2}.Debug|ARM64.ActiveCfg = Debug|Any CPU
		{E97BEDDE-BBEB-40F6-A2FC-95411897E0C2}.Debug|ARM64.Build.0 = Debug|Any CPU
		{E97BEDDE-BBEB-40F6-A2FC-95411897E0C2}.Debug|x64.ActiveCfg = Debug|Any CPU
		{E97BEDDE-BBEB-40F6-A2FC-95411897E0C2}.Debug|x64.Build.0 = Debug|Any CPU
		{E97BEDDE-BBEB-40F6-A2FC-95411897E0C2}.Debug|x86.ActiveCfg = Debug|Any CPU
		{E97BEDDE-BBEB-40F6-A2FC-95411897E0C2}.Debug|x86.Build.0 = Debug|Any CPU
		{E97BEDDE-BBEB-40F6-A2FC-95411897E0C2}.Release|Any CPU.ActiveCfg = Release|Any CPU
		{E97BEDDE-BBEB-40F6-A2FC-95411897E0C2}.Release|Any CPU.Build.0 = Release|Any CPU
		{E97BEDDE-BBEB-40F6-A2FC-95411897E0C2}.Release|ARM.ActiveCfg = Release|Any CPU
		{E97BEDDE-BBEB-40F6-A2FC-95411897E0C2}.Release|ARM.Build.0 = Release|Any CPU
		{E97BEDDE-BBEB-40F6-A2FC-95411897E0C2}.Release|ARM64.ActiveCfg = Release|Any CPU
		{E97BEDDE-BBEB-40F6-A2FC-95411897E0C2}.Release|ARM64.Build.0 = Release|Any CPU
		{E97BEDDE-BBEB-40F6-A2FC-95411897E0C2}.Release|x64.ActiveCfg = Release|Any CPU
		{E97BEDDE-BBEB-40F6-A2FC-95411897E0C2}.Release|x64.Build.0 = Release|Any CPU
		{E97BEDDE-BBEB-40F6-A2FC-95411897E0C2}.Release|x86.ActiveCfg = Release|Any CPU
		{E97BEDDE-BBEB-40F6-A2FC-95411897E0C2}.Release|x86.Build.0 = Release|Any CPU
		{782003AF-C73B-486D-A26A-15315A9F21AB}.Debug|Any CPU.ActiveCfg = Debug|Any CPU
		{782003AF-C73B-486D-A26A-15315A9F21AB}.Debug|Any CPU.Build.0 = Debug|Any CPU
		{782003AF-C73B-486D-A26A-15315A9F21AB}.Debug|ARM.ActiveCfg = Debug|Any CPU
		{782003AF-C73B-486D-A26A-15315A9F21AB}.Debug|ARM.Build.0 = Debug|Any CPU
		{782003AF-C73B-486D-A26A-15315A9F21AB}.Debug|ARM64.ActiveCfg = Debug|Any CPU
		{782003AF-C73B-486D-A26A-15315A9F21AB}.Debug|ARM64.Build.0 = Debug|Any CPU
		{782003AF-C73B-486D-A26A-15315A9F21AB}.Debug|x64.ActiveCfg = Debug|Any CPU
		{782003AF-C73B-486D-A26A-15315A9F21AB}.Debug|x64.Build.0 = Debug|Any CPU
		{782003AF-C73B-486D-A26A-15315A9F21AB}.Debug|x86.ActiveCfg = Debug|Any CPU
		{782003AF-C73B-486D-A26A-15315A9F21AB}.Debug|x86.Build.0 = Debug|Any CPU
		{782003AF-C73B-486D-A26A-15315A9F21AB}.Release|Any CPU.ActiveCfg = Release|Any CPU
		{782003AF-C73B-486D-A26A-15315A9F21AB}.Release|Any CPU.Build.0 = Release|Any CPU
		{782003AF-C73B-486D-A26A-15315A9F21AB}.Release|ARM.ActiveCfg = Release|Any CPU
		{782003AF-C73B-486D-A26A-15315A9F21AB}.Release|ARM.Build.0 = Release|Any CPU
		{782003AF-C73B-486D-A26A-15315A9F21AB}.Release|ARM64.ActiveCfg = Release|Any CPU
		{782003AF-C73B-486D-A26A-15315A9F21AB}.Release|ARM64.Build.0 = Release|Any CPU
		{782003AF-C73B-486D-A26A-15315A9F21AB}.Release|x64.ActiveCfg = Release|Any CPU
		{782003AF-C73B-486D-A26A-15315A9F21AB}.Release|x64.Build.0 = Release|Any CPU
		{782003AF-C73B-486D-A26A-15315A9F21AB}.Release|x86.ActiveCfg = Release|Any CPU
		{782003AF-C73B-486D-A26A-15315A9F21AB}.Release|x86.Build.0 = Release|Any CPU
	EndGlobalSection
	GlobalSection(SolutionProperties) = preSolution
		HideSolutionNode = FALSE
	EndGlobalSection
	GlobalSection(ExtensibilityGlobals) = postSolution
		SolutionGuid = {BC938C0F-27A7-4ECE-AA40-1DA4A8A6BE25}
	EndGlobalSection
EndGlobal
